// !$*UTF8*$!
{
	archiveVersion = 1;
	classes = {
	};
	objectVersion = 50;
	objects = {

/* Begin PBXBuildFile section */
		A216988D254549BA00D2322E /* ResultPageViewModel.swift in Sources */ = {isa = PBXBuildFile; fileRef = A216988C254549BA00D2322E /* ResultPageViewModel.swift */; };
		A2169892254551DC00D2322E /* PhotoModel.swift in Sources */ = {isa = PBXBuildFile; fileRef = A2169891254551DC00D2322E /* PhotoModel.swift */; };
		A21698A025456EF000D2322E /* ResultPageViewController.swift in Sources */ = {isa = PBXBuildFile; fileRef = A216989F25456EEF00D2322E /* ResultPageViewController.swift */; };
		A21698A525456F1400D2322E /* PhotoCell.swift in Sources */ = {isa = PBXBuildFile; fileRef = A21698A425456F1400D2322E /* PhotoCell.swift */; };
		A21698AD2545D75200D2322E /* ImageLoader.swift in Sources */ = {isa = PBXBuildFile; fileRef = A21698AC2545D75200D2322E /* ImageLoader.swift */; };
		A21698B225467A5D00D2322E /* UIImageView+Loader.swift in Sources */ = {isa = PBXBuildFile; fileRef = A21698B125467A5D00D2322E /* UIImageView+Loader.swift */; };
		A21698B72546801E00D2322E /* UIImageLoader.swift in Sources */ = {isa = PBXBuildFile; fileRef = A21698B62546801E00D2322E /* UIImageLoader.swift */; };
		A21698BC2546892D00D2322E /* FavoritePageViewController.swift in Sources */ = {isa = PBXBuildFile; fileRef = A21698BB2546892D00D2322E /* FavoritePageViewController.swift */; };
		A21698C1254689E100D2322E /* RootViewController.swift in Sources */ = {isa = PBXBuildFile; fileRef = A21698C0254689E100D2322E /* RootViewController.swift */; };
		A21698D52546E50B00D2322E /* FavoritePageViewModel.swift in Sources */ = {isa = PBXBuildFile; fileRef = A21698D42546E50A00D2322E /* FavoritePageViewModel.swift */; };
		A21698DA2546E5D400D2322E /* UserDefault+FavoritePhotos.swift in Sources */ = {isa = PBXBuildFile; fileRef = A21698D92546E5D400D2322E /* UserDefault+FavoritePhotos.swift */; };
		A21698E62547AEB300D2322E /* UserDefaultStore.swift in Sources */ = {isa = PBXBuildFile; fileRef = A21698E52547AEB300D2322E /* UserDefaultStore.swift */; };
		A2F1C0382541CC4A00F20D23 /* AppDelegate.swift in Sources */ = {isa = PBXBuildFile; fileRef = A2F1C0372541CC4A00F20D23 /* AppDelegate.swift */; };
		A2F1C03A2541CC4A00F20D23 /* SceneDelegate.swift in Sources */ = {isa = PBXBuildFile; fileRef = A2F1C0392541CC4A00F20D23 /* SceneDelegate.swift */; };
		A2F1C03C2541CC4A00F20D23 /* SearchPageViewController.swift in Sources */ = {isa = PBXBuildFile; fileRef = A2F1C03B2541CC4A00F20D23 /* SearchPageViewController.swift */; };
		A2F1C0412541CC4F00F20D23 /* Assets.xcassets in Resources */ = {isa = PBXBuildFile; fileRef = A2F1C0402541CC4F00F20D23 /* Assets.xcassets */; };
		A2F1C0442541CC4F00F20D23 /* LaunchScreen.storyboard in Resources */ = {isa = PBXBuildFile; fileRef = A2F1C0422541CC4F00F20D23 /* LaunchScreen.storyboard */; };
		A2F1C04F2541CC4F00F20D23 /* PhotoGalleryDemoTests.swift in Sources */ = {isa = PBXBuildFile; fileRef = A2F1C04E2541CC4F00F20D23 /* PhotoGalleryDemoTests.swift */; };
		A2F1C05A2541CC4F00F20D23 /* PhotoGalleryDemoUITests.swift in Sources */ = {isa = PBXBuildFile; fileRef = A2F1C0592541CC4F00F20D23 /* PhotoGalleryDemoUITests.swift */; };
		A2F1C06F2541CE7300F20D23 /* DataManager.swift in Sources */ = {isa = PBXBuildFile; fileRef = A2F1C06E2541CE7300F20D23 /* DataManager.swift */; };
		A2F1C0772541CFEF00F20D23 /* SearchBody.swift in Sources */ = {isa = PBXBuildFile; fileRef = A2F1C0762541CFEF00F20D23 /* SearchBody.swift */; };
		A2F1C07C2541D3DF00F20D23 /* SearchPageViewModel.swift in Sources */ = {isa = PBXBuildFile; fileRef = A2F1C07B2541D3DF00F20D23 /* SearchPageViewModel.swift */; };
/* End PBXBuildFile section */

/* Begin PBXContainerItemProxy section */
		A2F1C04B2541CC4F00F20D23 /* PBXContainerItemProxy */ = {
			isa = PBXContainerItemProxy;
			containerPortal = A2F1C02C2541CC4A00F20D23 /* Project object */;
			proxyType = 1;
			remoteGlobalIDString = A2F1C0332541CC4A00F20D23;
			remoteInfo = PhotoGalleryDemo;
		};
		A2F1C0562541CC4F00F20D23 /* PBXContainerItemProxy */ = {
			isa = PBXContainerItemProxy;
			containerPortal = A2F1C02C2541CC4A00F20D23 /* Project object */;
			proxyType = 1;
			remoteGlobalIDString = A2F1C0332541CC4A00F20D23;
			remoteInfo = PhotoGalleryDemo;
		};
/* End PBXContainerItemProxy section */

/* Begin PBXFileReference section */
		A216988C254549BA00D2322E /* ResultPageViewModel.swift */ = {isa = PBXFileReference; lastKnownFileType = sourcecode.swift; path = ResultPageViewModel.swift; sourceTree = "<group>"; };
		A2169891254551DC00D2322E /* PhotoModel.swift */ = {isa = PBXFileReference; lastKnownFileType = sourcecode.swift; path = PhotoModel.swift; sourceTree = "<group>"; };
		A216989F25456EEF00D2322E /* ResultPageViewController.swift */ = {isa = PBXFileReference; lastKnownFileType = sourcecode.swift; path = ResultPageViewController.swift; sourceTree = "<group>"; };
		A21698A425456F1400D2322E /* PhotoCell.swift */ = {isa = PBXFileReference; lastKnownFileType = sourcecode.swift; path = PhotoCell.swift; sourceTree = "<group>"; };
		A21698AC2545D75200D2322E /* ImageLoader.swift */ = {isa = PBXFileReference; lastKnownFileType = sourcecode.swift; path = ImageLoader.swift; sourceTree = "<group>"; };
		A21698B125467A5D00D2322E /* UIImageView+Loader.swift */ = {isa = PBXFileReference; lastKnownFileType = sourcecode.swift; path = "UIImageView+Loader.swift"; sourceTree = "<group>"; };
		A21698B62546801E00D2322E /* UIImageLoader.swift */ = {isa = PBXFileReference; lastKnownFileType = sourcecode.swift; path = UIImageLoader.swift; sourceTree = "<group>"; };
		A21698BB2546892D00D2322E /* FavoritePageViewController.swift */ = {isa = PBXFileReference; lastKnownFileType = sourcecode.swift; path = FavoritePageViewController.swift; sourceTree = "<group>"; };
		A21698C0254689E100D2322E /* RootViewController.swift */ = {isa = PBXFileReference; lastKnownFileType = sourcecode.swift; path = RootViewController.swift; sourceTree = "<group>"; };
		A21698D42546E50A00D2322E /* FavoritePageViewModel.swift */ = {isa = PBXFileReference; lastKnownFileType = sourcecode.swift; path = FavoritePageViewModel.swift; sourceTree = "<group>"; };
		A21698D92546E5D400D2322E /* UserDefault+FavoritePhotos.swift */ = {isa = PBXFileReference; lastKnownFileType = sourcecode.swift; path = "UserDefault+FavoritePhotos.swift"; sourceTree = "<group>"; };
		A21698E52547AEB300D2322E /* UserDefaultStore.swift */ = {isa = PBXFileReference; lastKnownFileType = sourcecode.swift; path = UserDefaultStore.swift; sourceTree = "<group>"; };
		A2F1C0342541CC4A00F20D23 /* PhotoGalleryDemo.app */ = {isa = PBXFileReference; explicitFileType = wrapper.application; includeInIndex = 0; path = PhotoGalleryDemo.app; sourceTree = BUILT_PRODUCTS_DIR; };
		A2F1C0372541CC4A00F20D23 /* AppDelegate.swift */ = {isa = PBXFileReference; lastKnownFileType = sourcecode.swift; path = AppDelegate.swift; sourceTree = "<group>"; };
		A2F1C0392541CC4A00F20D23 /* SceneDelegate.swift */ = {isa = PBXFileReference; lastKnownFileType = sourcecode.swift; path = SceneDelegate.swift; sourceTree = "<group>"; };
		A2F1C03B2541CC4A00F20D23 /* SearchPageViewController.swift */ = {isa = PBXFileReference; lastKnownFileType = sourcecode.swift; path = SearchPageViewController.swift; sourceTree = "<group>"; };
		A2F1C0402541CC4F00F20D23 /* Assets.xcassets */ = {isa = PBXFileReference; lastKnownFileType = folder.assetcatalog; path = Assets.xcassets; sourceTree = "<group>"; };
		A2F1C0432541CC4F00F20D23 /* Base */ = {isa = PBXFileReference; lastKnownFileType = file.storyboard; name = Base; path = Base.lproj/LaunchScreen.storyboard; sourceTree = "<group>"; };
		A2F1C0452541CC4F00F20D23 /* Info.plist */ = {isa = PBXFileReference; lastKnownFileType = text.plist.xml; path = Info.plist; sourceTree = "<group>"; };
		A2F1C04A2541CC4F00F20D23 /* PhotoGalleryDemoTests.xctest */ = {isa = PBXFileReference; explicitFileType = wrapper.cfbundle; includeInIndex = 0; path = PhotoGalleryDemoTests.xctest; sourceTree = BUILT_PRODUCTS_DIR; };
		A2F1C04E2541CC4F00F20D23 /* PhotoGalleryDemoTests.swift */ = {isa = PBXFileReference; lastKnownFileType = sourcecode.swift; path = PhotoGalleryDemoTests.swift; sourceTree = "<group>"; };
		A2F1C0502541CC4F00F20D23 /* Info.plist */ = {isa = PBXFileReference; lastKnownFileType = text.plist.xml; path = Info.plist; sourceTree = "<group>"; };
		A2F1C0552541CC4F00F20D23 /* PhotoGalleryDemoUITests.xctest */ = {isa = PBXFileReference; explicitFileType = wrapper.cfbundle; includeInIndex = 0; path = PhotoGalleryDemoUITests.xctest; sourceTree = BUILT_PRODUCTS_DIR; };
		A2F1C0592541CC4F00F20D23 /* PhotoGalleryDemoUITests.swift */ = {isa = PBXFileReference; lastKnownFileType = sourcecode.swift; path = PhotoGalleryDemoUITests.swift; sourceTree = "<group>"; };
		A2F1C05B2541CC4F00F20D23 /* Info.plist */ = {isa = PBXFileReference; lastKnownFileType = text.plist.xml; path = Info.plist; sourceTree = "<group>"; };
		A2F1C06E2541CE7300F20D23 /* DataManager.swift */ = {isa = PBXFileReference; lastKnownFileType = sourcecode.swift; path = DataManager.swift; sourceTree = "<group>"; };
		A2F1C0762541CFEF00F20D23 /* SearchBody.swift */ = {isa = PBXFileReference; lastKnownFileType = sourcecode.swift; path = SearchBody.swift; sourceTree = "<group>"; };
		A2F1C07B2541D3DF00F20D23 /* SearchPageViewModel.swift */ = {isa = PBXFileReference; lastKnownFileType = sourcecode.swift; path = SearchPageViewModel.swift; sourceTree = "<group>"; };
/* End PBXFileReference section */

/* Begin PBXFrameworksBuildPhase section */
		A2F1C0312541CC4A00F20D23 /* Frameworks */ = {
			isa = PBXFrameworksBuildPhase;
			buildActionMask = 2147483647;
			files = (
			);
			runOnlyForDeploymentPostprocessing = 0;
		};
		A2F1C0472541CC4F00F20D23 /* Frameworks */ = {
			isa = PBXFrameworksBuildPhase;
			buildActionMask = 2147483647;
			files = (
			);
			runOnlyForDeploymentPostprocessing = 0;
		};
		A2F1C0522541CC4F00F20D23 /* Frameworks */ = {
			isa = PBXFrameworksBuildPhase;
			buildActionMask = 2147483647;
			files = (
			);
			runOnlyForDeploymentPostprocessing = 0;
		};
/* End PBXFrameworksBuildPhase section */

/* Begin PBXGroup section */
		A21698E42547AE9200D2322E /* UserDefaultStore */ = {
			isa = PBXGroup;
			children = (
				A21698E52547AEB300D2322E /* UserDefaultStore.swift */,
			);
			path = UserDefaultStore;
			sourceTree = "<group>";
		};
		A2F1C02B2541CC4A00F20D23 = {
			isa = PBXGroup;
			children = (
				A2F1C0362541CC4A00F20D23 /* PhotoGalleryDemo */,
				A2F1C04D2541CC4F00F20D23 /* PhotoGalleryDemoTests */,
				A2F1C0582541CC4F00F20D23 /* PhotoGalleryDemoUITests */,
				A2F1C0352541CC4A00F20D23 /* Products */,
			);
			sourceTree = "<group>";
		};
		A2F1C0352541CC4A00F20D23 /* Products */ = {
			isa = PBXGroup;
			children = (
				A2F1C0342541CC4A00F20D23 /* PhotoGalleryDemo.app */,
				A2F1C04A2541CC4F00F20D23 /* PhotoGalleryDemoTests.xctest */,
				A2F1C0552541CC4F00F20D23 /* PhotoGalleryDemoUITests.xctest */,
			);
			name = Products;
			sourceTree = "<group>";
		};
		A2F1C0362541CC4A00F20D23 /* PhotoGalleryDemo */ = {
			isa = PBXGroup;
			children = (
				A21698E42547AE9200D2322E /* UserDefaultStore */,
				A2F1C0372541CC4A00F20D23 /* AppDelegate.swift */,
				A2F1C06A2541CC6600F20D23 /* SearchPage */,
				A2F1C06B2541CC8900F20D23 /* ResultPage */,
				A2F1C06C2541CC9D00F20D23 /* FavoritePage */,
				A2F1C0392541CC4A00F20D23 /* SceneDelegate.swift */,
				A21698C0254689E100D2322E /* RootViewController.swift */,
				A2F1C06E2541CE7300F20D23 /* DataManager.swift */,
				A21698AC2545D75200D2322E /* ImageLoader.swift */,
				A21698B62546801E00D2322E /* UIImageLoader.swift */,
				A21698B125467A5D00D2322E /* UIImageView+Loader.swift */,
				A21698D92546E5D400D2322E /* UserDefault+FavoritePhotos.swift */,
				A2F1C0762541CFEF00F20D23 /* SearchBody.swift */,
				A2F1C0402541CC4F00F20D23 /* Assets.xcassets */,
				A2F1C0422541CC4F00F20D23 /* LaunchScreen.storyboard */,
				A2F1C0452541CC4F00F20D23 /* Info.plist */,
			);
			path = PhotoGalleryDemo;
			sourceTree = "<group>";
		};
		A2F1C04D2541CC4F00F20D23 /* PhotoGalleryDemoTests */ = {
			isa = PBXGroup;
			children = (
				A2F1C04E2541CC4F00F20D23 /* PhotoGalleryDemoTests.swift */,
				A2F1C0502541CC4F00F20D23 /* Info.plist */,
			);
			path = PhotoGalleryDemoTests;
			sourceTree = "<group>";
		};
		A2F1C0582541CC4F00F20D23 /* PhotoGalleryDemoUITests */ = {
			isa = PBXGroup;
			children = (
				A2F1C0592541CC4F00F20D23 /* PhotoGalleryDemoUITests.swift */,
				A2F1C05B2541CC4F00F20D23 /* Info.plist */,
			);
			path = PhotoGalleryDemoUITests;
			sourceTree = "<group>";
		};
		A2F1C06A2541CC6600F20D23 /* SearchPage */ = {
			isa = PBXGroup;
			children = (
				A2F1C03B2541CC4A00F20D23 /* SearchPageViewController.swift */,
				A2F1C07B2541D3DF00F20D23 /* SearchPageViewModel.swift */,
			);
			path = SearchPage;
			sourceTree = "<group>";
		};
		A2F1C06B2541CC8900F20D23 /* ResultPage */ = {
			isa = PBXGroup;
			children = (
				A2169891254551DC00D2322E /* PhotoModel.swift */,
				A21698A425456F1400D2322E /* PhotoCell.swift */,
				A216989F25456EEF00D2322E /* ResultPageViewController.swift */,
				A216988C254549BA00D2322E /* ResultPageViewModel.swift */,
			);
			path = ResultPage;
			sourceTree = "<group>";
		};
		A2F1C06C2541CC9D00F20D23 /* FavoritePage */ = {
			isa = PBXGroup;
			children = (
				A21698BB2546892D00D2322E /* FavoritePageViewController.swift */,
				A21698D42546E50A00D2322E /* FavoritePageViewModel.swift */,
			);
			path = FavoritePage;
			sourceTree = "<group>";
		};
/* End PBXGroup section */

/* Begin PBXNativeTarget section */
		A2F1C0332541CC4A00F20D23 /* PhotoGalleryDemo */ = {
			isa = PBXNativeTarget;
			buildConfigurationList = A2F1C05E2541CC4F00F20D23 /* Build configuration list for PBXNativeTarget "PhotoGalleryDemo" */;
			buildPhases = (
				A2F1C0302541CC4A00F20D23 /* Sources */,
				A2F1C0312541CC4A00F20D23 /* Frameworks */,
				A2F1C0322541CC4A00F20D23 /* Resources */,
			);
			buildRules = (
			);
			dependencies = (
			);
			name = PhotoGalleryDemo;
			productName = PhotoGalleryDemo;
			productReference = A2F1C0342541CC4A00F20D23 /* PhotoGalleryDemo.app */;
			productType = "com.apple.product-type.application";
		};
		A2F1C0492541CC4F00F20D23 /* PhotoGalleryDemoTests */ = {
			isa = PBXNativeTarget;
			buildConfigurationList = A2F1C0612541CC4F00F20D23 /* Build configuration list for PBXNativeTarget "PhotoGalleryDemoTests" */;
			buildPhases = (
				A2F1C0462541CC4F00F20D23 /* Sources */,
				A2F1C0472541CC4F00F20D23 /* Frameworks */,
				A2F1C0482541CC4F00F20D23 /* Resources */,
			);
			buildRules = (
			);
			dependencies = (
				A2F1C04C2541CC4F00F20D23 /* PBXTargetDependency */,
			);
			name = PhotoGalleryDemoTests;
			productName = PhotoGalleryDemoTests;
			productReference = A2F1C04A2541CC4F00F20D23 /* PhotoGalleryDemoTests.xctest */;
			productType = "com.apple.product-type.bundle.unit-test";
		};
		A2F1C0542541CC4F00F20D23 /* PhotoGalleryDemoUITests */ = {
			isa = PBXNativeTarget;
			buildConfigurationList = A2F1C0642541CC4F00F20D23 /* Build configuration list for PBXNativeTarget "PhotoGalleryDemoUITests" */;
			buildPhases = (
				A2F1C0512541CC4F00F20D23 /* Sources */,
				A2F1C0522541CC4F00F20D23 /* Frameworks */,
				A2F1C0532541CC4F00F20D23 /* Resources */,
			);
			buildRules = (
			);
			dependencies = (
				A2F1C0572541CC4F00F20D23 /* PBXTargetDependency */,
			);
			name = PhotoGalleryDemoUITests;
			productName = PhotoGalleryDemoUITests;
			productReference = A2F1C0552541CC4F00F20D23 /* PhotoGalleryDemoUITests.xctest */;
			productType = "com.apple.product-type.bundle.ui-testing";
		};
/* End PBXNativeTarget section */

/* Begin PBXProject section */
		A2F1C02C2541CC4A00F20D23 /* Project object */ = {
			isa = PBXProject;
			attributes = {
				LastSwiftUpdateCheck = 1200;
				LastUpgradeCheck = 1200;
				TargetAttributes = {
					A2F1C0332541CC4A00F20D23 = {
						CreatedOnToolsVersion = 12.0.1;
					};
					A2F1C0492541CC4F00F20D23 = {
						CreatedOnToolsVersion = 12.0.1;
						TestTargetID = A2F1C0332541CC4A00F20D23;
					};
					A2F1C0542541CC4F00F20D23 = {
						CreatedOnToolsVersion = 12.0.1;
						TestTargetID = A2F1C0332541CC4A00F20D23;
					};
				};
			};
			buildConfigurationList = A2F1C02F2541CC4A00F20D23 /* Build configuration list for PBXProject "PhotoGalleryDemo" */;
			compatibilityVersion = "Xcode 9.3";
			developmentRegion = en;
			hasScannedForEncodings = 0;
			knownRegions = (
				en,
				Base,
			);
			mainGroup = A2F1C02B2541CC4A00F20D23;
			productRefGroup = A2F1C0352541CC4A00F20D23 /* Products */;
			projectDirPath = "";
			projectRoot = "";
			targets = (
				A2F1C0332541CC4A00F20D23 /* PhotoGalleryDemo */,
				A2F1C0492541CC4F00F20D23 /* PhotoGalleryDemoTests */,
				A2F1C0542541CC4F00F20D23 /* PhotoGalleryDemoUITests */,
			);
		};
/* End PBXProject section */

/* Begin PBXResourcesBuildPhase section */
		A2F1C0322541CC4A00F20D23 /* Resources */ = {
			isa = PBXResourcesBuildPhase;
			buildActionMask = 2147483647;
			files = (
				A2F1C0442541CC4F00F20D23 /* LaunchScreen.storyboard in Resources */,
				A2F1C0412541CC4F00F20D23 /* Assets.xcassets in Resources */,
			);
			runOnlyForDeploymentPostprocessing = 0;
		};
		A2F1C0482541CC4F00F20D23 /* Resources */ = {
			isa = PBXResourcesBuildPhase;
			buildActionMask = 2147483647;
			files = (
			);
			runOnlyForDeploymentPostprocessing = 0;
		};
		A2F1C0532541CC4F00F20D23 /* Resources */ = {
			isa = PBXResourcesBuildPhase;
			buildActionMask = 2147483647;
			files = (
			);
			runOnlyForDeploymentPostprocessing = 0;
		};
/* End PBXResourcesBuildPhase section */

/* Begin PBXSourcesBuildPhase section */
		A2F1C0302541CC4A00F20D23 /* Sources */ = {
			isa = PBXSourcesBuildPhase;
			buildActionMask = 2147483647;
			files = (
				A21698BC2546892D00D2322E /* FavoritePageViewController.swift in Sources */,
				A2F1C03C2541CC4A00F20D23 /* SearchPageViewController.swift in Sources */,
				A21698A525456F1400D2322E /* PhotoCell.swift in Sources */,
				A2F1C07C2541D3DF00F20D23 /* SearchPageViewModel.swift in Sources */,
				A21698E62547AEB300D2322E /* UserDefaultStore.swift in Sources */,
				A2F1C06F2541CE7300F20D23 /* DataManager.swift in Sources */,
				A21698C1254689E100D2322E /* RootViewController.swift in Sources */,
				A2F1C0772541CFEF00F20D23 /* SearchBody.swift in Sources */,
				A21698B225467A5D00D2322E /* UIImageView+Loader.swift in Sources */,
				A21698AD2545D75200D2322E /* ImageLoader.swift in Sources */,
				A21698DA2546E5D400D2322E /* UserDefault+FavoritePhotos.swift in Sources */,
				A21698B72546801E00D2322E /* UIImageLoader.swift in Sources */,
				A2F1C0382541CC4A00F20D23 /* AppDelegate.swift in Sources */,
				A216988D254549BA00D2322E /* ResultPageViewModel.swift in Sources */,
				A2169892254551DC00D2322E /* PhotoModel.swift in Sources */,
				A2F1C03A2541CC4A00F20D23 /* SceneDelegate.swift in Sources */,
				A21698A025456EF000D2322E /* ResultPageViewController.swift in Sources */,
				A21698D52546E50B00D2322E /* FavoritePageViewModel.swift in Sources */,
			);
			runOnlyForDeploymentPostprocessing = 0;
		};
		A2F1C0462541CC4F00F20D23 /* Sources */ = {
			isa = PBXSourcesBuildPhase;
			buildActionMask = 2147483647;
			files = (
				A2F1C04F2541CC4F00F20D23 /* PhotoGalleryDemoTests.swift in Sources */,
			);
			runOnlyForDeploymentPostprocessing = 0;
		};
		A2F1C0512541CC4F00F20D23 /* Sources */ = {
			isa = PBXSourcesBuildPhase;
			buildActionMask = 2147483647;
			files = (
				A2F1C05A2541CC4F00F20D23 /* PhotoGalleryDemoUITests.swift in Sources */,
			);
			runOnlyForDeploymentPostprocessing = 0;
		};
/* End PBXSourcesBuildPhase section */

/* Begin PBXTargetDependency section */
		A2F1C04C2541CC4F00F20D23 /* PBXTargetDependency */ = {
			isa = PBXTargetDependency;
			target = A2F1C0332541CC4A00F20D23 /* PhotoGalleryDemo */;
			targetProxy = A2F1C04B2541CC4F00F20D23 /* PBXContainerItemProxy */;
		};
		A2F1C0572541CC4F00F20D23 /* PBXTargetDependency */ = {
			isa = PBXTargetDependency;
			target = A2F1C0332541CC4A00F20D23 /* PhotoGalleryDemo */;
			targetProxy = A2F1C0562541CC4F00F20D23 /* PBXContainerItemProxy */;
		};
/* End PBXTargetDependency section */

/* Begin PBXVariantGroup section */
		A2F1C0422541CC4F00F20D23 /* LaunchScreen.storyboard */ = {
			isa = PBXVariantGroup;
			children = (
				A2F1C0432541CC4F00F20D23 /* Base */,
			);
			name = LaunchScreen.storyboard;
			sourceTree = "<group>";
		};
/* End PBXVariantGroup section */

/* Begin XCBuildConfiguration section */
		A2F1C05C2541CC4F00F20D23 /* Debug */ = {
			isa = XCBuildConfiguration;
			buildSettings = {
				ALWAYS_SEARCH_USER_PATHS = NO;
				CLANG_ANALYZER_NONNULL = YES;
				CLANG_ANALYZER_NUMBER_OBJECT_CONVERSION = YES_AGGRESSIVE;
				CLANG_CXX_LANGUAGE_STANDARD = "gnu++14";
				CLANG_CXX_LIBRARY = "libc++";
				CLANG_ENABLE_MODULES = YES;
				CLANG_ENABLE_OBJC_ARC = YES;
				CLANG_ENABLE_OBJC_WEAK = YES;
				CLANG_WARN_BLOCK_CAPTURE_AUTORELEASING = YES;
				CLANG_WARN_BOOL_CONVERSION = YES;
				CLANG_WARN_COMMA = YES;
				CLANG_WARN_CONSTANT_CONVERSION = YES;
				CLANG_WARN_DEPRECATED_OBJC_IMPLEMENTATIONS = YES;
				CLANG_WARN_DIRECT_OBJC_ISA_USAGE = YES_ERROR;
				CLANG_WARN_DOCUMENTATION_COMMENTS = YES;
				CLANG_WARN_EMPTY_BODY = YES;
				CLANG_WARN_ENUM_CONVERSION = YES;
				CLANG_WARN_INFINITE_RECURSION = YES;
				CLANG_WARN_INT_CONVERSION = YES;
				CLANG_WARN_NON_LITERAL_NULL_CONVERSION = YES;
				CLANG_WARN_OBJC_IMPLICIT_RETAIN_SELF = YES;
				CLANG_WARN_OBJC_LITERAL_CONVERSION = YES;
				CLANG_WARN_OBJC_ROOT_CLASS = YES_ERROR;
				CLANG_WARN_QUOTED_INCLUDE_IN_FRAMEWORK_HEADER = YES;
				CLANG_WARN_RANGE_LOOP_ANALYSIS = YES;
				CLANG_WARN_STRICT_PROTOTYPES = YES;
				CLANG_WARN_SUSPICIOUS_MOVE = YES;
				CLANG_WARN_UNGUARDED_AVAILABILITY = YES_AGGRESSIVE;
				CLANG_WARN_UNREACHABLE_CODE = YES;
				CLANG_WARN__DUPLICATE_METHOD_MATCH = YES;
				COPY_PHASE_STRIP = NO;
				DEBUG_INFORMATION_FORMAT = dwarf;
				ENABLE_STRICT_OBJC_MSGSEND = YES;
				ENABLE_TESTABILITY = YES;
				GCC_C_LANGUAGE_STANDARD = gnu11;
				GCC_DYNAMIC_NO_PIC = NO;
				GCC_NO_COMMON_BLOCKS = YES;
				GCC_OPTIMIZATION_LEVEL = 0;
				GCC_PREPROCESSOR_DEFINITIONS = (
					"DEBUG=1",
					"$(inherited)",
				);
				GCC_WARN_64_TO_32_BIT_CONVERSION = YES;
				GCC_WARN_ABOUT_RETURN_TYPE = YES_ERROR;
				GCC_WARN_UNDECLARED_SELECTOR = YES;
				GCC_WARN_UNINITIALIZED_AUTOS = YES_AGGRESSIVE;
				GCC_WARN_UNUSED_FUNCTION = YES;
				GCC_WARN_UNUSED_VARIABLE = YES;
				IPHONEOS_DEPLOYMENT_TARGET = 14.0;
				MTL_ENABLE_DEBUG_INFO = INCLUDE_SOURCE;
				MTL_FAST_MATH = YES;
				ONLY_ACTIVE_ARCH = YES;
				SDKROOT = iphoneos;
				SWIFT_ACTIVE_COMPILATION_CONDITIONS = DEBUG;
				SWIFT_OPTIMIZATION_LEVEL = "-Onone";
			};
			name = Debug;
		};
		A2F1C05D2541CC4F00F20D23 /* Release */ = {
			isa = XCBuildConfiguration;
			buildSettings = {
				ALWAYS_SEARCH_USER_PATHS = NO;
				CLANG_ANALYZER_NONNULL = YES;
				CLANG_ANALYZER_NUMBER_OBJECT_CONVERSION = YES_AGGRESSIVE;
				CLANG_CXX_LANGUAGE_STANDARD = "gnu++14";
				CLANG_CXX_LIBRARY = "libc++";
				CLANG_ENABLE_MODULES = YES;
				CLANG_ENABLE_OBJC_ARC = YES;
				CLANG_ENABLE_OBJC_WEAK = YES;
				CLANG_WARN_BLOCK_CAPTURE_AUTORELEASING = YES;
				CLANG_WARN_BOOL_CONVERSION = YES;
				CLANG_WARN_COMMA = YES;
				CLANG_WARN_CONSTANT_CONVERSION = YES;
				CLANG_WARN_DEPRECATED_OBJC_IMPLEMENTATIONS = YES;
				CLANG_WARN_DIRECT_OBJC_ISA_USAGE = YES_ERROR;
				CLANG_WARN_DOCUMENTATION_COMMENTS = YES;
				CLANG_WARN_EMPTY_BODY = YES;
				CLANG_WARN_ENUM_CONVERSION = YES;
				CLANG_WARN_INFINITE_RECURSION = YES;
				CLANG_WARN_INT_CONVERSION = YES;
				CLANG_WARN_NON_LITERAL_NULL_CONVERSION = YES;
				CLANG_WARN_OBJC_IMPLICIT_RETAIN_SELF = YES;
				CLANG_WARN_OBJC_LITERAL_CONVERSION = YES;
				CLANG_WARN_OBJC_ROOT_CLASS = YES_ERROR;
				CLANG_WARN_QUOTED_INCLUDE_IN_FRAMEWORK_HEADER = YES;
				CLANG_WARN_RANGE_LOOP_ANALYSIS = YES;
				CLANG_WARN_STRICT_PROTOTYPES = YES;
				CLANG_WARN_SUSPICIOUS_MOVE = YES;
				CLANG_WARN_UNGUARDED_AVAILABILITY = YES_AGGRESSIVE;
				CLANG_WARN_UNREACHABLE_CODE = YES;
				CLANG_WARN__DUPLICATE_METHOD_MATCH = YES;
				COPY_PHASE_STRIP = NO;
				DEBUG_INFORMATION_FORMAT = "dwarf-with-dsym";
				ENABLE_NS_ASSERTIONS = NO;
				ENABLE_STRICT_OBJC_MSGSEND = YES;
				GCC_C_LANGUAGE_STANDARD = gnu11;
				GCC_NO_COMMON_BLOCKS = YES;
				GCC_WARN_64_TO_32_BIT_CONVERSION = YES;
				GCC_WARN_ABOUT_RETURN_TYPE = YES_ERROR;
				GCC_WARN_UNDECLARED_SELECTOR = YES;
				GCC_WARN_UNINITIALIZED_AUTOS = YES_AGGRESSIVE;
				GCC_WARN_UNUSED_FUNCTION = YES;
				GCC_WARN_UNUSED_VARIABLE = YES;
				IPHONEOS_DEPLOYMENT_TARGET = 14.0;
				MTL_ENABLE_DEBUG_INFO = NO;
				MTL_FAST_MATH = YES;
				SDKROOT = iphoneos;
				SWIFT_COMPILATION_MODE = wholemodule;
				SWIFT_OPTIMIZATION_LEVEL = "-O";
				VALIDATE_PRODUCT = YES;
			};
			name = Release;
		};
		A2F1C05F2541CC4F00F20D23 /* Debug */ = {
			isa = XCBuildConfiguration;
			buildSettings = {
				ASSETCATALOG_COMPILER_APPICON_NAME = AppIcon;
				ASSETCATALOG_COMPILER_GLOBAL_ACCENT_COLOR_NAME = AccentColor;
				CODE_SIGN_STYLE = Automatic;
				INFOPLIST_FILE = PhotoGalleryDemo/Info.plist;
				LD_RUNPATH_SEARCH_PATHS = (
					"$(inherited)",
					"@executable_path/Frameworks",
				);
				PRODUCT_BUNDLE_IDENTIFIER = AlexHJE.PhotoGalleryDemo;
				PRODUCT_NAME = "$(TARGET_NAME)";
				SWIFT_VERSION = 5.0;
				TARGETED_DEVICE_FAMILY = "1,2";
			};
			name = Debug;
		};
		A2F1C0602541CC4F00F20D23 /* Release */ = {
			isa = XCBuildConfiguration;
			buildSettings = {
				ASSETCATALOG_COMPILER_APPICON_NAME = AppIcon;
				ASSETCATALOG_COMPILER_GLOBAL_ACCENT_COLOR_NAME = AccentColor;
				CODE_SIGN_STYLE = Automatic;
				INFOPLIST_FILE = PhotoGalleryDemo/Info.plist;
				LD_RUNPATH_SEARCH_PATHS = (
					"$(inherited)",
					"@executable_path/Frameworks",
				);
				PRODUCT_BUNDLE_IDENTIFIER = AlexHJE.PhotoGalleryDemo;
				PRODUCT_NAME = "$(TARGET_NAME)";
				SWIFT_VERSION = 5.0;
				TARGETED_DEVICE_FAMILY = "1,2";
			};
			name = Release;
		};
		A2F1C0622541CC4F00F20D23 /* Debug */ = {
			isa = XCBuildConfiguration;
			buildSettings = {
				ALWAYS_EMBED_SWIFT_STANDARD_LIBRARIES = YES;
				BUNDLE_LOADER = "$(TEST_HOST)";
				CODE_SIGN_STYLE = Automatic;
				INFOPLIST_FILE = PhotoGalleryDemoTests/Info.plist;
				IPHONEOS_DEPLOYMENT_TARGET = 14.0;
				LD_RUNPATH_SEARCH_PATHS = (
					"$(inherited)",
					"@executable_path/Frameworks",
					"@loader_path/Frameworks",
				);
				PRODUCT_BUNDLE_IDENTIFIER = AlexHJE.PhotoGalleryDemoTests;
				PRODUCT_NAME = "$(TARGET_NAME)";
				SWIFT_VERSION = 5.0;
				TARGETED_DEVICE_FAMILY = "1,2";
				TEST_HOST = "$(BUILT_PRODUCTS_DIR)/PhotoGalleryDemo.app/PhotoGalleryDemo";
			};
			name = Debug;
		};
		A2F1C0632541CC4F00F20D23 /* Release */ = {
			isa = XCBuildConfiguration;
			buildSettings = {
				ALWAYS_EMBED_SWIFT_STANDARD_LIBRARIES = YES;
				BUNDLE_LOADER = "$(TEST_HOST)";
				CODE_SIGN_STYLE = Automatic;
				INFOPLIST_FILE = PhotoGalleryDemoTests/Info.plist;
				IPHONEOS_DEPLOYMENT_TARGET = 14.0;
				LD_RUNPATH_SEARCH_PATHS = (
					"$(inherited)",
					"@executable_path/Frameworks",
					"@loader_path/Frameworks",
				);
				PRODUCT_BUNDLE_IDENTIFIER = AlexHJE.PhotoGalleryDemoTests;
				PRODUCT_NAME = "$(TARGET_NAME)";
				SWIFT_VERSION = 5.0;
				TARGETED_DEVICE_FAMILY = "1,2";
				TEST_HOST = "$(BUILT_PRODUCTS_DIR)/PhotoGalleryDemo.app/PhotoGalleryDemo";
			};
			name = Release;
		};
		A2F1C0652541CC4F00F20D23 /* Debug */ = {
			isa = XCBuildConfiguration;
			buildSettings = {
				ALWAYS_EMBED_SWIFT_STANDARD_LIBRARIES = YES;
				CODE_SIGN_STYLE = Automatic;
				INFOPLIST_FILE = PhotoGalleryDemoUITests/Info.plist;
				LD_RUNPATH_SEARCH_PATHS = (
					"$(inherited)",
					"@executable_path/Frameworks",
					"@loader_path/Frameworks",
				);
				PRODUCT_BUNDLE_IDENTIFIER = AlexHJE.PhotoGalleryDemoUITests;
				PRODUCT_NAME = "$(TARGET_NAME)";
				SWIFT_VERSION = 5.0;
				TARGETED_DEVICE_FAMILY = "1,2";
				TEST_TARGET_NAME = PhotoGalleryDemo;
			};
			name = Debug;
		};
		A2F1C0662541CC4F00F20D23 /* Release */ = {
			isa = XCBuildConfiguration;
			buildSettings = {
				ALWAYS_EMBED_SWIFT_STANDARD_LIBRARIES = YES;
				CODE_SIGN_STYLE = Automatic;
				INFOPLIST_FILE = PhotoGalleryDemoUITests/Info.plist;
				LD_RUNPATH_SEARCH_PATHS = (
					"$(inherited)",
					"@executable_path/Frameworks",
					"@loader_path/Frameworks",
				);
				PRODUCT_BUNDLE_IDENTIFIER = AlexHJE.PhotoGalleryDemoUITests;
				PRODUCT_NAME = "$(TARGET_NAME)";
				SWIFT_VERSION = 5.0;
				TARGETED_DEVICE_FAMILY = "1,2";
				TEST_TARGET_NAME = PhotoGalleryDemo;
			};
			name = Release;
		};
/* End XCBuildConfiguration section */

/* Begin XCConfigurationList section */
		A2F1C02F2541CC4A00F20D23 /* Build configuration list for PBXProject "PhotoGalleryDemo" */ = {
			isa = XCConfigurationList;
			buildConfigurations = (
				A2F1C05C2541CC4F00F20D23 /* Debug */,
				A2F1C05D2541CC4F00F20D23 /* Release */,
			);
			defaultConfigurationIsVisible = 0;
			defaultConfigurationName = Release;
		};
		A2F1C05E2541CC4F00F20D23 /* Build configuration list for PBXNativeTarget "PhotoGalleryDemo" */ = {
			isa = XCConfigurationList;
			buildConfigurations = (
				A2F1C05F2541CC4F00F20D23 /* Debug */,
				A2F1C0602541CC4F00F20D23 /* Release */,
			);
			defaultConfigurationIsVisible = 0;
			defaultConfigurationName = Release;
		};
		A2F1C0612541CC4F00F20D23 /* Build configuration list for PBXNativeTarget "PhotoGalleryDemoTests" */ = {
			isa = XCConfigurationList;
			buildConfigurations = (
				A2F1C0622541CC4F00F20D23 /* Debug */,
				A2F1C0632541CC4F00F20D23 /* Release */,
			);
			defaultConfigurationIsVisible = 0;
			defaultConfigurationName = Release;
		};
		A2F1C0642541CC4F00F20D23 /* Build configuration list for PBXNativeTarget "PhotoGalleryDemoUITests" */ = {
			isa = XCConfigurationList;
			buildConfigurations = (
				A2F1C0652541CC4F00F20D23 /* Debug */,
				A2F1C0662541CC4F00F20D23 /* Release */,
			);
			defaultConfigurationIsVisible = 0;
			defaultConfigurationName = Release;
		};
/* End XCConfigurationList section */
	};
	rootObject = A2F1C02C2541CC4A00F20D23 /* Project object */;
}
